
Microsoft Visual Studio Solution File, Format Version 12.00
# Visual Studio Version 17
VisualStudioVersion = 17.7.34024.191
MinimumVisualStudioVersion = 10.0.40219.1
Project("{9A19103F-16F7-4668-BE54-9A1E7A4F7556}") = "DemoWebApp.Core", "DemoWebApp.Core\DemoWebApp.Core.csproj", "{F99C670E-A17B-4F02-9517-FC40C3457716}"
EndProject
Project("{9A19103F-16F7-4668-BE54-9A1E7A4F7556}") = "DemoWebApp.Infrastructure", "DemoWebApp.Infrastructure\DemoWebApp.Infrastructure.csproj", "{350960AF-0978-43A6-972F-1F2C60FC4C1F}"
EndProject
Project("{9A19103F-16F7-4668-BE54-9A1E7A4F7556}") = "DemoWebApp.Api", "DemoWebApp.Api\DemoWebApp.Api.csproj", "{A5D6BF77-8B2E-4106-9EB1-BE4A1C79B2BA}"
EndProject
Project("{9A19103F-16F7-4668-BE54-9A1E7A4F7556}") = "DemoWebApp.FrontEnd", "DemoWebApp.FrontEnd\DemoWebApp.FrontEnd.csproj", "{4D151CBB-2824-4DDB-9B5E-2B9DDC5F5CF0}"
EndProject
Global
	GlobalSection(SolutionConfigurationPlatforms) = preSolution
		Debug|Any CPU = Debug|Any CPU
		Release|Any CPU = Release|Any CPU
	EndGlobalSection
	GlobalSection(ProjectConfigurationPlatforms) = postSolution
		{F99C670E-A17B-4F02-9517-FC40C3457716}.Debug|Any CPU.ActiveCfg = Debug|Any CPU
		{F99C670E-A17B-4F02-9517-FC40C3457716}.Debug|Any CPU.Build.0 = Debug|Any CPU
		{F99C670E-A17B-4F02-9517-FC40C3457716}.Release|Any CPU.ActiveCfg = Release|Any CPU
		{F99C670E-A17B-4F02-9517-FC40C3457716}.Release|Any CPU.Build.0 = Release|Any CPU
		{350960AF-0978-43A6-972F-1F2C60FC4C1F}.Debug|Any CPU.ActiveCfg = Debug|Any CPU
		{350960AF-0978-43A6-972F-1F2C60FC4C1F}.Debug|Any CPU.Build.0 = Debug|Any CPU
		{350960AF-0978-43A6-972F-1F2C60FC4C1F}.Release|Any CPU.ActiveCfg = Release|Any CPU
		{350960AF-0978-43A6-972F-1F2C60FC4C1F}.Release|Any CPU.Build.0 = Release|Any CPU
		{A5D6BF77-8B2E-4106-9EB1-BE4A1C79B2BA}.Debug|Any CPU.ActiveCfg = Debug|Any CPU
		{A5D6BF77-8B2E-4106-9EB1-BE4A1C79B2BA}.Debug|Any CPU.Build.0 = Debug|Any CPU
		{A5D6BF77-8B2E-4106-9EB1-BE4A1C79B2BA}.Release|Any CPU.ActiveCfg = Release|Any CPU
		{A5D6BF77-8B2E-4106-9EB1-BE4A1C79B2BA}.Release|Any CPU.Build.0 = Release|Any CPU
		{4D151CBB-2824-4DDB-9B5E-2B9DDC5F5CF0}.Debug|Any CPU.ActiveCfg = Debug|Any CPU
		{4D151CBB-2824-4DDB-9B5E-2B9DDC5F5CF0}.Debug|Any CPU.Build.0 = Debug|Any CPU
		{4D151CBB-2824-4DDB-9B5E-2B9DDC5F5CF0}.Release|Any CPU.ActiveCfg = Release|Any CPU
		{4D151CBB-2824-4DDB-9B5E-2B9DDC5F5CF0}.Release|Any CPU.Build.0 = Release|Any CPU
	EndGlobalSection
	GlobalSection(SolutionProperties) = preSolution
		HideSolutionNode = FALSE
	EndGlobalSection
	GlobalSection(ExtensibilityGlobals) = postSolution
		SolutionGuid = {1A76520B-0B13-4707-B4E2-A7B518C789D3}
	EndGlobalSection
EndGlobal
